
Microsoft Visual Studio Solution File, Format Version 12.00
# Visual Studio Version 17
VisualStudioVersion = 17.5.002.0
MinimumVisualStudioVersion = 10.0.40219.1
Project("{9A19103F-16F7-4668-BE54-9A1E7A4F7556}") = "CIS-API", "CIS-API\CIS-API.csproj", "{73A542F9-B68A-4723-A3C4-A681A0B89FBB}"
EndProject
Project("{2150E333-8FDC-42A3-9474-1A3956D46DE8}") = "System", "System", "{FF06346C-E4A3-4530-BD6A-E7274FEDF785}"
EndProject
Project("{2150E333-8FDC-42A3-9474-1A3956D46DE8}") = "Src", "Src", "{84E44803-2F22-4A9A-8803-7E3146310647}"
EndProject
Project("{2150E333-8FDC-42A3-9474-1A3956D46DE8}") = "Main", "Main", "{5128B078-34C6-481E-9DE2-83C5914FCE13}"
EndProject
Project("{2150E333-8FDC-42A3-9474-1A3956D46DE8}") = "Test", "Test", "{48665849-8062-435F-9DDF-76867824DDC1}"
EndProject
Project("{2150E333-8FDC-42A3-9474-1A3956D46DE8}") = "Api", "Api", "{BAF3826D-E4AF-4D1F-B73D-D028F6173F3C}"
EndProject
Project("{2150E333-8FDC-42A3-9474-1A3956D46DE8}") = "Core", "Core", "{282620EE-0E27-4E24-AF85-FE67F6F340CD}"
EndProject
Project("{2150E333-8FDC-42A3-9474-1A3956D46DE8}") = "Data", "Data", "{E7B6730C-18C4-4356-8209-8606E917D41D}"
EndProject
Project("{FAE04EC0-301F-11D3-BF4B-00C04F79EFBC}") = "JalaU.CIS-API.System.Api.Restful", "System\Src\Main\Api\JalaU.CIS-API.System.Api.Restful\JalaU.CIS-API.System.Api.Restful.csproj", "{E0929E03-089D-45EC-9D61-6018E76088EF}"
EndProject
Project("{FAE04EC0-301F-11D3-BF4B-00C04F79EFBC}") = "JalaU.CIS-API.System.Core.Domain", "System\Src\Main\Core\JalaU.CIS-API.System.Core.Domain\JalaU.CIS-API.System.Core.Domain.csproj", "{076727D3-CA1F-46CC-94E3-92ED87F18D18}"
EndProject
Project("{FAE04EC0-301F-11D3-BF4B-00C04F79EFBC}") = "JalaU.CIS-API.System.Core.Application", "System\Src\Main\Core\JalaU.CIS-API.System.Core.Application\JalaU.CIS-API.System.Core.Application.csproj", "{F74383D3-15D6-42FE-A4EF-A75691687AAD}"
EndProject
Project("{2150E333-8FDC-42A3-9474-1A3956D46DE8}") = "ConfigurationFiles", "ConfigurationFiles", "{2396D0A0-D7CA-4560-9326-99BC4AF36695}"
	ProjectSection(SolutionItems) = preProject
		System\Src\Main\Data\ConfigurationFiles\init.sql = System\Src\Main\Data\ConfigurationFiles\init.sql
	EndProjectSection
EndProject
Project("{FAE04EC0-301F-11D3-BF4B-00C04F79EFBC}") = "JalaU.CIS-API.System.Data.Persistance", "System\Src\Main\Data\JalaU.CIS-API.System.Data.Persistance\JalaU.CIS-API.System.Data.Persistance.csproj", "{145872F4-3020-4595-80AE-26E9B60D7E16}"
EndProject
Project("{2150E333-8FDC-42A3-9474-1A3956D46DE8}") = "Api", "Api", "{BDA9CBE3-FC1D-4F30-8C57-A3188F7E6A28}"
EndProject
Project("{2150E333-8FDC-42A3-9474-1A3956D46DE8}") = "Core", "Core", "{E32E4A7C-6E2E-4705-9C93-018970308CFD}"
EndProject
Project("{2150E333-8FDC-42A3-9474-1A3956D46DE8}") = "Data", "Data", "{EAA3C6B3-CA24-4B98-A292-7545CE48F38A}"
EndProject
Project("{FAE04EC0-301F-11D3-BF4B-00C04F79EFBC}") = "JalaU.CIS-API.Tests.Api.Restful", "System\Src\Test\Api\JalaU.CIS-API.Tests.Api.Restful\JalaU.CIS-API.Tests.Api.Restful.csproj", "{5B676AF2-E9C2-42FC-8AE4-DCD6064D8AAC}"
EndProject
Project("{FAE04EC0-301F-11D3-BF4B-00C04F79EFBC}") = "JalaU.CIS-API.Tests.Core.Application", "System\Src\Test\Core\JalaU.CIS-API.Tests.Core.Application\JalaU.CIS-API.Tests.Core.Application.csproj", "{F4932672-47B9-4960-AA9D-EB26649882AA}"
EndProject
Project("{FAE04EC0-301F-11D3-BF4B-00C04F79EFBC}") = "JalaU.CIS-API.Tests.Core.Domain", "System\Src\Test\Core\JalaU.CIS-API.Tests.Core.Domain\JalaU.CIS-API.Tests.Core.Domain.csproj", "{0D3BF6F5-0C96-4D09-9378-72172B1F9392}"
EndProject
Project("{FAE04EC0-301F-11D3-BF4B-00C04F79EFBC}") = "JalaU.CIS-API.Tests.Data.Persistance", "System\Src\Test\Data\JalaU.CIS-API.Tests.Data.Persistance\JalaU.CIS-API.Tests.Data.Persistance.csproj", "{126BB27E-5E09-44F4-A28A-CC78166D91F9}"
EndProject
Global
	GlobalSection(SolutionConfigurationPlatforms) = preSolution
		Debug|Any CPU = Debug|Any CPU
		Release|Any CPU = Release|Any CPU
	EndGlobalSection
	GlobalSection(ProjectConfigurationPlatforms) = postSolution
		{73A542F9-B68A-4723-A3C4-A681A0B89FBB}.Debug|Any CPU.ActiveCfg = Debug|Any CPU
		{73A542F9-B68A-4723-A3C4-A681A0B89FBB}.Debug|Any CPU.Build.0 = Debug|Any CPU
		{73A542F9-B68A-4723-A3C4-A681A0B89FBB}.Release|Any CPU.ActiveCfg = Release|Any CPU
		{73A542F9-B68A-4723-A3C4-A681A0B89FBB}.Release|Any CPU.Build.0 = Release|Any CPU
		{E0929E03-089D-45EC-9D61-6018E76088EF}.Debug|Any CPU.ActiveCfg = Debug|Any CPU
		{E0929E03-089D-45EC-9D61-6018E76088EF}.Debug|Any CPU.Build.0 = Debug|Any CPU
		{E0929E03-089D-45EC-9D61-6018E76088EF}.Release|Any CPU.ActiveCfg = Release|Any CPU
		{E0929E03-089D-45EC-9D61-6018E76088EF}.Release|Any CPU.Build.0 = Release|Any CPU
		{076727D3-CA1F-46CC-94E3-92ED87F18D18}.Debug|Any CPU.ActiveCfg = Debug|Any CPU
		{076727D3-CA1F-46CC-94E3-92ED87F18D18}.Debug|Any CPU.Build.0 = Debug|Any CPU
		{076727D3-CA1F-46CC-94E3-92ED87F18D18}.Release|Any CPU.ActiveCfg = Release|Any CPU
		{076727D3-CA1F-46CC-94E3-92ED87F18D18}.Release|Any CPU.Build.0 = Release|Any CPU
		{F74383D3-15D6-42FE-A4EF-A75691687AAD}.Debug|Any CPU.ActiveCfg = Debug|Any CPU
		{F74383D3-15D6-42FE-A4EF-A75691687AAD}.Debug|Any CPU.Build.0 = Debug|Any CPU
		{F74383D3-15D6-42FE-A4EF-A75691687AAD}.Release|Any CPU.ActiveCfg = Release|Any CPU
		{F74383D3-15D6-42FE-A4EF-A75691687AAD}.Release|Any CPU.Build.0 = Release|Any CPU
		{145872F4-3020-4595-80AE-26E9B60D7E16}.Debug|Any CPU.ActiveCfg = Debug|Any CPU
		{145872F4-3020-4595-80AE-26E9B60D7E16}.Debug|Any CPU.Build.0 = Debug|Any CPU
		{145872F4-3020-4595-80AE-26E9B60D7E16}.Release|Any CPU.ActiveCfg = Release|Any CPU
		{145872F4-3020-4595-80AE-26E9B60D7E16}.Release|Any CPU.Build.0 = Release|Any CPU
		{5B676AF2-E9C2-42FC-8AE4-DCD6064D8AAC}.Debug|Any CPU.ActiveCfg = Debug|Any CPU
		{5B676AF2-E9C2-42FC-8AE4-DCD6064D8AAC}.Debug|Any CPU.Build.0 = Debug|Any CPU
		{5B676AF2-E9C2-42FC-8AE4-DCD6064D8AAC}.Release|Any CPU.ActiveCfg = Release|Any CPU
		{5B676AF2-E9C2-42FC-8AE4-DCD6064D8AAC}.Release|Any CPU.Build.0 = Release|Any CPU
		{F4932672-47B9-4960-AA9D-EB26649882AA}.Debug|Any CPU.ActiveCfg = Debug|Any CPU
		{F4932672-47B9-4960-AA9D-EB26649882AA}.Debug|Any CPU.Build.0 = Debug|Any CPU
		{F4932672-47B9-4960-AA9D-EB26649882AA}.Release|Any CPU.ActiveCfg = Release|Any CPU
		{F4932672-47B9-4960-AA9D-EB26649882AA}.Release|Any CPU.Build.0 = Release|Any CPU
		{0D3BF6F5-0C96-4D09-9378-72172B1F9392}.Debug|Any CPU.ActiveCfg = Debug|Any CPU
		{0D3BF6F5-0C96-4D09-9378-72172B1F9392}.Debug|Any CPU.Build.0 = Debug|Any CPU
		{0D3BF6F5-0C96-4D09-9378-72172B1F9392}.Release|Any CPU.ActiveCfg = Release|Any CPU
		{0D3BF6F5-0C96-4D09-9378-72172B1F9392}.Release|Any CPU.Build.0 = Release|Any CPU
		{126BB27E-5E09-44F4-A28A-CC78166D91F9}.Debug|Any CPU.ActiveCfg = Debug|Any CPU
		{126BB27E-5E09-44F4-A28A-CC78166D91F9}.Debug|Any CPU.Build.0 = Debug|Any CPU
		{126BB27E-5E09-44F4-A28A-CC78166D91F9}.Release|Any CPU.ActiveCfg = Release|Any CPU
		{126BB27E-5E09-44F4-A28A-CC78166D91F9}.Release|Any CPU.Build.0 = Release|Any CPU
	EndGlobalSection
	GlobalSection(SolutionProperties) = preSolution
		HideSolutionNode = FALSE
	EndGlobalSection
	GlobalSection(NestedProjects) = preSolution
		{84E44803-2F22-4A9A-8803-7E3146310647} = {FF06346C-E4A3-4530-BD6A-E7274FEDF785}
		{5128B078-34C6-481E-9DE2-83C5914FCE13} = {84E44803-2F22-4A9A-8803-7E3146310647}
		{48665849-8062-435F-9DDF-76867824DDC1} = {84E44803-2F22-4A9A-8803-7E3146310647}
		{BAF3826D-E4AF-4D1F-B73D-D028F6173F3C} = {5128B078-34C6-481E-9DE2-83C5914FCE13}
		{282620EE-0E27-4E24-AF85-FE67F6F340CD} = {5128B078-34C6-481E-9DE2-83C5914FCE13}
		{E7B6730C-18C4-4356-8209-8606E917D41D} = {5128B078-34C6-481E-9DE2-83C5914FCE13}
		{E0929E03-089D-45EC-9D61-6018E76088EF} = {BAF3826D-E4AF-4D1F-B73D-D028F6173F3C}
		{076727D3-CA1F-46CC-94E3-92ED87F18D18} = {282620EE-0E27-4E24-AF85-FE67F6F340CD}
		{F74383D3-15D6-42FE-A4EF-A75691687AAD} = {282620EE-0E27-4E24-AF85-FE67F6F340CD}
		{2396D0A0-D7CA-4560-9326-99BC4AF36695} = {E7B6730C-18C4-4356-8209-8606E917D41D}
		{145872F4-3020-4595-80AE-26E9B60D7E16} = {E7B6730C-18C4-4356-8209-8606E917D41D}
		{BDA9CBE3-FC1D-4F30-8C57-A3188F7E6A28} = {48665849-8062-435F-9DDF-76867824DDC1}
		{E32E4A7C-6E2E-4705-9C93-018970308CFD} = {48665849-8062-435F-9DDF-76867824DDC1}
		{EAA3C6B3-CA24-4B98-A292-7545CE48F38A} = {48665849-8062-435F-9DDF-76867824DDC1}
		{5B676AF2-E9C2-42FC-8AE4-DCD6064D8AAC} = {BDA9CBE3-FC1D-4F30-8C57-A3188F7E6A28}
		{F4932672-47B9-4960-AA9D-EB26649882AA} = {E32E4A7C-6E2E-4705-9C93-018970308CFD}
		{0D3BF6F5-0C96-4D09-9378-72172B1F9392} = {E32E4A7C-6E2E-4705-9C93-018970308CFD}
		{126BB27E-5E09-44F4-A28A-CC78166D91F9} = {EAA3C6B3-CA24-4B98-A292-7545CE48F38A}
	EndGlobalSection
	GlobalSection(ExtensibilityGlobals) = postSolution
		SolutionGuid = {76004E2F-A990-4A00-A8AA-73270BC6E45A}
	EndGlobalSection
EndGlobal
